
Microsoft Visual Studio Solution File, Format Version 11.00
# Visual Studio 2010
Project("{FAE04EC0-301F-11D3-BF4B-00C04F79EFBC}") = "AsyncParse.Net", "AsyncParse.Net\AsyncParse.Net.csproj", "{276EE87D-B5F2-4A82-8AAF-5BD4AC7EB0B1}"
EndProject
Project("{FAE04EC0-301F-11D3-BF4B-00C04F79EFBC}") = "Test.AsyncParse.Net", "Test.AsyncParse.Net\Test.AsyncParse.Net.csproj", "{A608AFEB-801F-4D7F-99F1-3039B9B95874}"
EndProject
Project("{2150E333-8FDC-42A3-9474-1A3956D46DE8}") = "Solution Items", "Solution Items", "{C8653F6F-8632-4054-9231-BD02640278F4}"
	ProjectSection(SolutionItems) = preProject
		AsyncParse.Net.vsmdi = AsyncParse.Net.vsmdi
		Local.testsettings = Local.testsettings
		TraceAndTestImpact.testsettings = TraceAndTestImpact.testsettings
	EndProjectSection
EndProject
Global
	GlobalSection(TestCaseManagementSettings) = postSolution
		CategoryFile = AsyncParse.Net.vsmdi
	EndGlobalSection
	GlobalSection(SolutionConfigurationPlatforms) = preSolution
		Debug|Any CPU = Debug|Any CPU
		Release|Any CPU = Release|Any CPU
	EndGlobalSection
	GlobalSection(ProjectConfigurationPlatforms) = postSolution
		{276EE87D-B5F2-4A82-8AAF-5BD4AC7EB0B1}.Debug|Any CPU.ActiveCfg = Debug|Any CPU
		{276EE87D-B5F2-4A82-8AAF-5BD4AC7EB0B1}.Debug|Any CPU.Build.0 = Debug|Any CPU
		{276EE87D-B5F2-4A82-8AAF-5BD4AC7EB0B1}.Release|Any CPU.ActiveCfg = Release|Any CPU
		{276EE87D-B5F2-4A82-8AAF-5BD4AC7EB0B1}.Release|Any CPU.Build.0 = Release|Any CPU
		{A608AFEB-801F-4D7F-99F1-3039B9B95874}.Debug|Any CPU.ActiveCfg = Debug|Any CPU
		{A608AFEB-801F-4D7F-99F1-3039B9B95874}.Debug|Any CPU.Build.0 = Debug|Any CPU
		{A608AFEB-801F-4D7F-99F1-3039B9B95874}.Release|Any CPU.ActiveCfg = Release|Any CPU
		{A608AFEB-801F-4D7F-99F1-3039B9B95874}.Release|Any CPU.Build.0 = Release|Any CPU
	EndGlobalSection
	GlobalSection(SolutionProperties) = preSolution
		HideSolutionNode = FALSE
	EndGlobalSection
EndGlobal
